// !$*UTF8*$!
{
	archiveVersion = 1;
	classes = {};
	objectVersion = 56;
	objects = {

/* Begin PBXBuildFile section */
		B999E3CF8486B /* OrbApp.swift in Sources */ = {isa = PBXBuildFile; fileRef = FABC71E7D5F9B /* OrbApp.swift */; };
		BA0F01189B8C7 /* AppDelegate.swift in Sources */ = {isa = PBXBuildFile; fileRef = F433B62DE3357 /* AppDelegate.swift */; };
		B0E071672E1EB /* ContentView.swift in Sources */ = {isa = PBXBuildFile; fileRef = FB05267C75C7B /* ContentView.swift */; };
		B72ED217F1434 /* OrbLogger.swift in Sources */ = {isa = PBXBuildFile; fileRef = F2B360FA29964 /* OrbLogger.swift */; };
		B50613AA229CE /* OrbError.swift in Sources */ = {isa = PBXBuildFile; fileRef = FBB5032AE28DE /* OrbError.swift */; };
		B873257176E6A /* ItemType.swift in Sources */ = {isa = PBXBuildFile; fileRef = FF2214F236D7A /* ItemType.swift */; };
		B898E4714E738 /* Item.swift in Sources */ = {isa = PBXBuildFile; fileRef = FC7D0EF036148 /* Item.swift */; };
		B32ABA73BA16E /* Drawer.swift in Sources */ = {isa = PBXBuildFile; fileRef = FD4F6F8901BFE /* Drawer.swift */; };
		B243A90B18CB3 /* Tag.swift in Sources */ = {isa = PBXBuildFile; fileRef = F7AB05370ED63 /* Tag.swift */; };
		BD96B99F91E96 /* Blob.swift in Sources */ = {isa = PBXBuildFile; fileRef = F17AE41E798A6 /* Blob.swift */; };
		B1B4587EF640A /* DrawerRule.swift in Sources */ = {isa = PBXBuildFile; fileRef = F6897641C8B9A /* DrawerRule.swift */; };
		BA3EDDAFB1168 /* AppBootstrapTests.swift in Sources */ = {isa = PBXBuildFile; fileRef = F6708BA67C498 /* AppBootstrapTests.swift */; };
		BD0E4F0BF4151 /* TestTargetLinkageTests.swift in Sources */ = {isa = PBXBuildFile; fileRef = FB6A89BD2CFE1 /* TestTargetLinkageTests.swift */; };
		BE0EE1B7590F0 /* ModuleStructureTests.swift in Sources */ = {isa = PBXBuildFile; fileRef = FC3D6E08B7F00 /* ModuleStructureTests.swift */; };
		BBD608FBC4A70 /* OrbLoggerTests.swift in Sources */ = {isa = PBXBuildFile; fileRef = FAB4EAE762F00 /* OrbLoggerTests.swift */; };
		BE18E4463F4CC /* ItemTypeTests.swift in Sources */ = {isa = PBXBuildFile; fileRef = F8F5769C138FC /* ItemTypeTests.swift */; };
		B7218E9AB3FC1 /* ItemModelTests.swift in Sources */ = {isa = PBXBuildFile; fileRef = F600708652451 /* ItemModelTests.swift */; };
		B58FF99DFE72F /* DrawerModelTests.swift in Sources */ = {isa = PBXBuildFile; fileRef = F0869553AA03F /* DrawerModelTests.swift */; };
		B02024332670E /* TagModelTests.swift in Sources */ = {isa = PBXBuildFile; fileRef = FAFCB688FAB3E /* TagModelTests.swift */; };
		B47DEC46582CF /* BlobModelTests.swift in Sources */ = {isa = PBXBuildFile; fileRef = F35CCE31F675F /* BlobModelTests.swift */; };
		B05C6097C587B /* DrawerRuleModelTests.swift in Sources */ = {isa = PBXBuildFile; fileRef = FE8AECE92468B /* DrawerRuleModelTests.swift */; };
		BAEA452F10CBB /* AppLaunchIntegrationTests.swift in Sources */ = {isa = PBXBuildFile; fileRef = FEE87E5576ECB /* AppLaunchIntegrationTests.swift */; };
		BA7F3F161F582 /* CIScriptIntegrationTests.swift in Sources */ = {isa = PBXBuildFile; fileRef = F9AC2DEF54E32 /* CIScriptIntegrationTests.swift */; };
		BBB5610C0475E /* ModuleStructureIntegrationTests.swift in Sources */ = {isa = PBXBuildFile; fileRef = FEE84960916EE /* ModuleStructureIntegrationTests.swift */; };
		B2FF0F4C1618E /* OrbLoggerIntegrationTests.swift in Sources */ = {isa = PBXBuildFile; fileRef = F6FD48727C39E /* OrbLoggerIntegrationTests.swift */; };
		B0B502C8923EE /* ItemTypeIntegrationTests.swift in Sources */ = {isa = PBXBuildFile; fileRef = FFE1F1A1C7C9E /* ItemTypeIntegrationTests.swift */; };
		BEA5AE4A16479 /* ItemModelIntegrationTests.swift in Sources */ = {isa = PBXBuildFile; fileRef = F2A3E7707C689 /* ItemModelIntegrationTests.swift */; };
		B744CE332F043 /* DrawerModelIntegrationTests.swift in Sources */ = {isa = PBXBuildFile; fileRef = F429DD47692D3 /* DrawerModelIntegrationTests.swift */; };
		BDC55C1CA73A4 /* TagModelIntegrationTests.swift in Sources */ = {isa = PBXBuildFile; fileRef = FCF24AF5DCC54 /* TagModelIntegrationTests.swift */; };
		B89A26C16C233 /* BlobModelIntegrationTests.swift in Sources */ = {isa = PBXBuildFile; fileRef = FC985FE7D2443 /* BlobModelIntegrationTests.swift */; };
		B3CF00EBE0E27 /* DrawerRuleModelIntegrationTests.swift in Sources */ = {isa = PBXBuildFile; fileRef = F701E9406DDB7 /* DrawerRuleModelIntegrationTests.swift */; };
		196481F7E89E415E9BF8B2AA /* StoragePaths.swift in Sources */ = {isa = PBXBuildFile; fileRef = C395D13ED03D448788606598 /* StoragePaths.swift */; };
		8D82489FD9C043DB80CE72B6 /* StoragePathsTests.swift in Sources */ = {isa = PBXBuildFile; fileRef = 9638B4346D0A4D56A3E670A5 /* StoragePathsTests.swift */; };
		1AC4EE9BD6ED4B81B3B71F28 /* StoragePathsIntegrationTests.swift in Sources */ = {isa = PBXBuildFile; fileRef = A9914980B7E84695819DB484 /* StoragePathsIntegrationTests.swift */; };
		B00000010000000000000001 /* libsqlite3.tbd in Frameworks */ = {isa = PBXBuildFile; fileRef = B20000010000000000000001 /* libsqlite3.tbd */; };
		75654504222E4312AE7E06FF /* DatabaseManager.swift in Sources */ = {isa = PBXBuildFile; fileRef = C244CE2EFA3147A592266E2F /* DatabaseManager.swift */; };
		4AEC95A184284F8E82A0251C /* DatabaseManagerTests.swift in Sources */ = {isa = PBXBuildFile; fileRef = E206A447AA5E41D3BF8666D1 /* DatabaseManagerTests.swift */; };
		E68CCF1337BC461EAEE83D57 /* DatabaseManagerIntegrationTests.swift in Sources */ = {isa = PBXBuildFile; fileRef = B2E51ADFFBDF48B4BD83C591 /* DatabaseManagerIntegrationTests.swift */; };
/* End PBXBuildFile section */

/* Begin PBXContainerItemProxy section */
		A30000010000000000000001 /* PBXContainerItemProxy */ = { isa = PBXContainerItemProxy; containerPortal = A00000010000000000000001; proxyType = 1; remoteGlobalIDString = A40000010000000000000001; remoteInfo = Orb; };
		A30000020000000000000001 /* PBXContainerItemProxy */ = { isa = PBXContainerItemProxy; containerPortal = A00000010000000000000001; proxyType = 1; remoteGlobalIDString = A40000010000000000000001; remoteInfo = Orb; };
/* End PBXContainerItemProxy section */

/* Begin PBXFileReference section */
		FABC71E7D5F9B /* OrbApp.swift */ = {isa = PBXFileReference; lastKnownFileType = sourcecode.swift; path = OrbApp.swift; sourceTree = "<group>"; };
		F433B62DE3357 /* AppDelegate.swift */ = {isa = PBXFileReference; lastKnownFileType = sourcecode.swift; path = AppDelegate.swift; sourceTree = "<group>"; };
		FB05267C75C7B /* ContentView.swift */ = {isa = PBXFileReference; lastKnownFileType = sourcecode.swift; path = ContentView.swift; sourceTree = "<group>"; };
		FE3EFB4BDE16A /* Info.plist */ = {isa = PBXFileReference; lastKnownFileType = text.plist.xml; path = Info.plist; sourceTree = "<group>"; };
		F2B360FA29964 /* OrbLogger.swift */ = {isa = PBXFileReference; lastKnownFileType = sourcecode.swift; path = OrbLogger.swift; sourceTree = "<group>"; };
		FBB5032AE28DE /* OrbError.swift */ = {isa = PBXFileReference; lastKnownFileType = sourcecode.swift; path = OrbError.swift; sourceTree = "<group>"; };
		FF2214F236D7A /* ItemType.swift */ = {isa = PBXFileReference; lastKnownFileType = sourcecode.swift; path = ItemType.swift; sourceTree = "<group>"; };
		FC7D0EF036148 /* Item.swift */ = {isa = PBXFileReference; lastKnownFileType = sourcecode.swift; path = Item.swift; sourceTree = "<group>"; };
		FD4F6F8901BFE /* Drawer.swift */ = {isa = PBXFileReference; lastKnownFileType = sourcecode.swift; path = Drawer.swift; sourceTree = "<group>"; };
		F7AB05370ED63 /* Tag.swift */ = {isa = PBXFileReference; lastKnownFileType = sourcecode.swift; path = Tag.swift; sourceTree = "<group>"; };
		F17AE41E798A6 /* Blob.swift */ = {isa = PBXFileReference; lastKnownFileType = sourcecode.swift; path = Blob.swift; sourceTree = "<group>"; };
		F6897641C8B9A /* DrawerRule.swift */ = {isa = PBXFileReference; lastKnownFileType = sourcecode.swift; path = DrawerRule.swift; sourceTree = "<group>"; };
		F6708BA67C498 /* AppBootstrapTests.swift */ = {isa = PBXFileReference; lastKnownFileType = sourcecode.swift; path = AppBootstrapTests.swift; sourceTree = "<group>"; };
		FB6A89BD2CFE1 /* TestTargetLinkageTests.swift */ = {isa = PBXFileReference; lastKnownFileType = sourcecode.swift; path = TestTargetLinkageTests.swift; sourceTree = "<group>"; };
		FC3D6E08B7F00 /* ModuleStructureTests.swift */ = {isa = PBXFileReference; lastKnownFileType = sourcecode.swift; path = ModuleStructureTests.swift; sourceTree = "<group>"; };
		FAB4EAE762F00 /* OrbLoggerTests.swift */ = {isa = PBXFileReference; lastKnownFileType = sourcecode.swift; path = OrbLoggerTests.swift; sourceTree = "<group>"; };
		F8F5769C138FC /* ItemTypeTests.swift */ = {isa = PBXFileReference; lastKnownFileType = sourcecode.swift; path = ItemTypeTests.swift; sourceTree = "<group>"; };
		F600708652451 /* ItemModelTests.swift */ = {isa = PBXFileReference; lastKnownFileType = sourcecode.swift; path = ItemModelTests.swift; sourceTree = "<group>"; };
		F0869553AA03F /* DrawerModelTests.swift */ = {isa = PBXFileReference; lastKnownFileType = sourcecode.swift; path = DrawerModelTests.swift; sourceTree = "<group>"; };
		FAFCB688FAB3E /* TagModelTests.swift */ = {isa = PBXFileReference; lastKnownFileType = sourcecode.swift; path = TagModelTests.swift; sourceTree = "<group>"; };
		F35CCE31F675F /* BlobModelTests.swift */ = {isa = PBXFileReference; lastKnownFileType = sourcecode.swift; path = BlobModelTests.swift; sourceTree = "<group>"; };
		FE8AECE92468B /* DrawerRuleModelTests.swift */ = {isa = PBXFileReference; lastKnownFileType = sourcecode.swift; path = DrawerRuleModelTests.swift; sourceTree = "<group>"; };
		FEE87E5576ECB /* AppLaunchIntegrationTests.swift */ = {isa = PBXFileReference; lastKnownFileType = sourcecode.swift; path = AppLaunchIntegrationTests.swift; sourceTree = "<group>"; };
		F9AC2DEF54E32 /* CIScriptIntegrationTests.swift */ = {isa = PBXFileReference; lastKnownFileType = sourcecode.swift; path = CIScriptIntegrationTests.swift; sourceTree = "<group>"; };
		FEE84960916EE /* ModuleStructureIntegrationTests.swift */ = {isa = PBXFileReference; lastKnownFileType = sourcecode.swift; path = ModuleStructureIntegrationTests.swift; sourceTree = "<group>"; };
		F6FD48727C39E /* OrbLoggerIntegrationTests.swift */ = {isa = PBXFileReference; lastKnownFileType = sourcecode.swift; path = OrbLoggerIntegrationTests.swift; sourceTree = "<group>"; };
		FFE1F1A1C7C9E /* ItemTypeIntegrationTests.swift */ = {isa = PBXFileReference; lastKnownFileType = sourcecode.swift; path = ItemTypeIntegrationTests.swift; sourceTree = "<group>"; };
		F2A3E7707C689 /* ItemModelIntegrationTests.swift */ = {isa = PBXFileReference; lastKnownFileType = sourcecode.swift; path = ItemModelIntegrationTests.swift; sourceTree = "<group>"; };
		F429DD47692D3 /* DrawerModelIntegrationTests.swift */ = {isa = PBXFileReference; lastKnownFileType = sourcecode.swift; path = DrawerModelIntegrationTests.swift; sourceTree = "<group>"; };
		FCF24AF5DCC54 /* TagModelIntegrationTests.swift */ = {isa = PBXFileReference; lastKnownFileType = sourcecode.swift; path = TagModelIntegrationTests.swift; sourceTree = "<group>"; };
		FC985FE7D2443 /* BlobModelIntegrationTests.swift */ = {isa = PBXFileReference; lastKnownFileType = sourcecode.swift; path = BlobModelIntegrationTests.swift; sourceTree = "<group>"; };
		F701E9406DDB7 /* DrawerRuleModelIntegrationTests.swift */ = {isa = PBXFileReference; lastKnownFileType = sourcecode.swift; path = DrawerRuleModelIntegrationTests.swift; sourceTree = "<group>"; };
		FE3EFB4BDE16A /* Info.plist */ = {isa = PBXFileReference; lastKnownFileType = text.plist.xml; path = Info.plist; sourceTree = "<group>"; };
		A50000010000000000000001 /* Orb.app */ = {isa = PBXFileReference; explicitFileType = wrapper.application; includeInIndex = 0; path = Orb.app; sourceTree = BUILT_PRODUCTS_DIR; };
		A50000020000000000000001 /* OrbTests.xctest */ = {isa = PBXFileReference; explicitFileType = wrapper.cfbundle; includeInIndex = 0; path = OrbTests.xctest; sourceTree = BUILT_PRODUCTS_DIR; };
		A50000030000000000000001 /* OrbIntegrationTests.xctest */ = {isa = PBXFileReference; explicitFileType = wrapper.cfbundle; includeInIndex = 0; path = OrbIntegrationTests.xctest; sourceTree = BUILT_PRODUCTS_DIR; };
		C395D13ED03D448788606598 /* StoragePaths.swift */ = {isa = PBXFileReference; lastKnownFileType = sourcecode.swift; path = StoragePaths.swift; sourceTree = "<group>"; };
		9638B4346D0A4D56A3E670A5 /* StoragePathsTests.swift */ = {isa = PBXFileReference; lastKnownFileType = sourcecode.swift; path = StoragePathsTests.swift; sourceTree = "<group>"; };
		A9914980B7E84695819DB484 /* StoragePathsIntegrationTests.swift */ = {isa = PBXFileReference; lastKnownFileType = sourcecode.swift; path = StoragePathsIntegrationTests.swift; sourceTree = "<group>"; };
		B20000010000000000000001 /* libsqlite3.tbd */ = {isa = PBXFileReference; lastKnownFileType = "sourcecode.text-based-dylib-definition"; name = libsqlite3.tbd; path = usr/lib/libsqlite3.tbd; sourceTree = SDKROOT; };
		C244CE2EFA3147A592266E2F /* DatabaseManager.swift */ = {isa = PBXFileReference; lastKnownFileType = sourcecode.swift; path = DatabaseManager.swift; sourceTree = "<group>"; };
		E206A447AA5E41D3BF8666D1 /* DatabaseManagerTests.swift */ = {isa = PBXFileReference; lastKnownFileType = sourcecode.swift; path = DatabaseManagerTests.swift; sourceTree = "<group>"; };
		B2E51ADFFBDF48B4BD83C591 /* DatabaseManagerIntegrationTests.swift */ = {isa = PBXFileReference; lastKnownFileType = sourcecode.swift; path = DatabaseManagerIntegrationTests.swift; sourceTree = "<group>"; };
/* End PBXFileReference section */

/* Begin PBXFrameworksBuildPhase section */
		A60000010000000000000001 = { isa = PBXFrameworksBuildPhase; buildActionMask = 2147483647; files = (
				B00000010000000000000001 /* libsqlite3.tbd in Frameworks */,
			); runOnlyForDeploymentPostprocessing = 0; };
		A60000020000000000000001 = { isa = PBXFrameworksBuildPhase; buildActionMask = 2147483647; files = (); runOnlyForDeploymentPostprocessing = 0; };
		A60000030000000000000001 = { isa = PBXFrameworksBuildPhase; buildActionMask = 2147483647; files = (); runOnlyForDeploymentPostprocessing = 0; };
/* End PBXFrameworksBuildPhase section */

/* Begin PBXGroup section */
		A70000010000000000000001 = { isa = PBXGroup; children = (A70000020000000000000001 /* Orb */, A70000030000000000000001 /* OrbTests */, A70000040000000000000001 /* OrbIntegrationTests */, A70000050000000000000001 /* Products */); sourceTree = "<group>"; };
		A70000020000000000000001 = { isa = PBXGroup; children = (
				A70000060000000000000001 /* Core */,
				A70000070000000000000001 /* Storage */,
				A70000080000000000000001 /* Capture */,
				A70000090000000000000001 /* UI */,
				A700000A0000000000000001 /* Search */,
				A700000B0000000000000001 /* AI */,
				A700000C0000000000000001 /* Services */,
				F433B62DE3357 /* AppDelegate.swift */,
				FB05267C75C7B /* ContentView.swift */,
				FE3EFB4BDE16A /* Info.plist */,
				FE3EFB4BDE16A /* Info.plist */,
				FABC71E7D5F9B /* OrbApp.swift */,
			); path = Orb; sourceTree = "<group>"; };
		A70000060000000000000001 /* Core */ = {
			isa = PBXGroup;
			children = (
				F17AE41E798A6 /* Blob.swift */,
				FD4F6F8901BFE /* Drawer.swift */,
				F6897641C8B9A /* DrawerRule.swift */,
				FC7D0EF036148 /* Item.swift */,
				FF2214F236D7A /* ItemType.swift */,
				FBB5032AE28DE /* OrbError.swift */,
				F2B360FA29964 /* OrbLogger.swift */,
				F7AB05370ED63 /* Tag.swift */,
			);
			path = Core;
			sourceTree = "<group>";
		};
		A70000070000000000000001 /* Storage */ = {
			isa = PBXGroup;
			children = (
				C244CE2EFA3147A592266E2F /* DatabaseManager.swift */,
				C395D13ED03D448788606598 /* StoragePaths.swift */,

			);
			path = Storage;
			sourceTree = "<group>";
		};
		A70000080000000000000001 /* Capture */ = {
			isa = PBXGroup;
			children = (

			);
			path = Capture;
			sourceTree = "<group>";
		};
		A70000090000000000000001 /* UI */ = {
			isa = PBXGroup;
			children = (

			);
			path = UI;
			sourceTree = "<group>";
		};
		A700000A0000000000000001 /* Search */ = {
			isa = PBXGroup;
			children = (

			);
			path = Search;
			sourceTree = "<group>";
		};
		A700000B0000000000000001 /* AI */ = {
			isa = PBXGroup;
			children = (

			);
			path = AI;
			sourceTree = "<group>";
		};
		A700000C0000000000000001 /* Services */ = {
			isa = PBXGroup;
			children = (

			);
			path = Services;
			sourceTree = "<group>";
		};
		A70000030000000000000001 /* OrbTests */ = {
			isa = PBXGroup;
			children = (
				E206A447AA5E41D3BF8666D1 /* DatabaseManagerTests.swift */,
				9638B4346D0A4D56A3E670A5 /* StoragePathsTests.swift */,
				F6708BA67C498 /* AppBootstrapTests.swift */,
				F35CCE31F675F /* BlobModelTests.swift */,
				F0869553AA03F /* DrawerModelTests.swift */,
				FE8AECE92468B /* DrawerRuleModelTests.swift */,
				F600708652451 /* ItemModelTests.swift */,
				F8F5769C138FC /* ItemTypeTests.swift */,
				FC3D6E08B7F00 /* ModuleStructureTests.swift */,
				FAB4EAE762F00 /* OrbLoggerTests.swift */,
				FAFCB688FAB3E /* TagModelTests.swift */,
				FB6A89BD2CFE1 /* TestTargetLinkageTests.swift */,
			);
			path = OrbTests;
			sourceTree = "<group>";
		};
		A70000040000000000000001 /* OrbIntegrationTests */ = {
			isa = PBXGroup;
			children = (
				B2E51ADFFBDF48B4BD83C591 /* DatabaseManagerIntegrationTests.swift */,
				A9914980B7E84695819DB484 /* StoragePathsIntegrationTests.swift */,
				FEE87E5576ECB /* AppLaunchIntegrationTests.swift */,
				FC985FE7D2443 /* BlobModelIntegrationTests.swift */,
				F9AC2DEF54E32 /* CIScriptIntegrationTests.swift */,
				F429DD47692D3 /* DrawerModelIntegrationTests.swift */,
				F701E9406DDB7 /* DrawerRuleModelIntegrationTests.swift */,
				F2A3E7707C689 /* ItemModelIntegrationTests.swift */,
				FFE1F1A1C7C9E /* ItemTypeIntegrationTests.swift */,
				FEE84960916EE /* ModuleStructureIntegrationTests.swift */,
				F6FD48727C39E /* OrbLoggerIntegrationTests.swift */,
				FCF24AF5DCC54 /* TagModelIntegrationTests.swift */,
			);
			path = OrbIntegrationTests;
			sourceTree = "<group>";
		};
		A70000050000000000000001 = { isa = PBXGroup; children = (
				A50000010000000000000001 /* Orb.app */,
				A50000020000000000000001 /* OrbTests.xctest */,
				A50000030000000000000001 /* OrbIntegrationTests.xctest */,
			); name = Products; sourceTree = "<group>"; };
/* End PBXGroup section */

/* Begin PBXNativeTarget section */
		A40000010000000000000001 /* Orb */ = {
			isa = PBXNativeTarget;
			buildConfigurationList = A80000010000000000000001;
			buildPhases = (A90000010000000000000001 /* Sources */, A60000010000000000000001 /* Frameworks */);
			buildRules = ();
			dependencies = ();
			name = Orb;
			productName = Orb;
			productReference = A50000010000000000000001;
			productType = "com.apple.product-type.application";
		};
		A40000020000000000000001 /* OrbTests */ = {
			isa = PBXNativeTarget;
			buildConfigurationList = A80000020000000000000001;
			buildPhases = (A90000020000000000000001 /* Sources */, A60000020000000000000001 /* Frameworks */);
			buildRules = ();
			dependencies = (A30000030000000000000001 /* PBXTargetDependency */);
			name = OrbTests;
			productName = OrbTests;
			productReference = A50000020000000000000001;
			productType = "com.apple.product-type.bundle.unit-test";
		};
		A40000030000000000000001 /* OrbIntegrationTests */ = {
			isa = PBXNativeTarget;
			buildConfigurationList = A80000030000000000000001;
			buildPhases = (A90000030000000000000001 /* Sources */, A60000030000000000000001 /* Frameworks */);
			buildRules = ();
			dependencies = (A30000040000000000000001 /* PBXTargetDependency */);
			name = OrbIntegrationTests;
			productName = OrbIntegrationTests;
			productReference = A50000030000000000000001;
			productType = "com.apple.product-type.bundle.unit-test";
		};
/* End PBXNativeTarget section */

/* Begin PBXProject section */
		A00000010000000000000001 = {
			isa = PBXProject;
			buildConfigurationList = A80000040000000000000001;
			compatibilityVersion = "Xcode 14.0";
			developmentRegion = en;
			hasScannedForEncodings = 0;
			knownRegions = (en, Base);
			mainGroup = A70000010000000000000001;
			productRefGroup = A70000050000000000000001;
			projectDirPath = "";
			projectRoot = "";
			targets = (
				A40000010000000000000001 /* Orb */,
				A40000020000000000000001 /* OrbTests */,
				A40000030000000000000001 /* OrbIntegrationTests */,
			);
		};
/* End PBXProject section */

/* Begin PBXSourcesBuildPhase section */
		A90000010000000000000001 = { isa = PBXSourcesBuildPhase; buildActionMask = 2147483647; files = (
				B999E3CF8486B /* OrbApp.swift in Sources */,
				BA0F01189B8C7 /* AppDelegate.swift in Sources */,
				B0E071672E1EB /* ContentView.swift in Sources */,
				B72ED217F1434 /* OrbLogger.swift in Sources */,
				B50613AA229CE /* OrbError.swift in Sources */,
				B873257176E6A /* ItemType.swift in Sources */,
				B898E4714E738 /* Item.swift in Sources */,
				B32ABA73BA16E /* Drawer.swift in Sources */,
				B243A90B18CB3 /* Tag.swift in Sources */,
				BD96B99F91E96 /* Blob.swift in Sources */,
				B1B4587EF640A /* DrawerRule.swift in Sources */,
			); runOnlyForDeploymentPostprocessing = 0; };
		A90000020000000000000001 = { isa = PBXSourcesBuildPhase; buildActionMask = 2147483647; files = (
				BA3EDDAFB1168 /* AppBootstrapTests.swift in Sources */,
				BD0E4F0BF4151 /* TestTargetLinkageTests.swift in Sources */,
				BE0EE1B7590F0 /* ModuleStructureTests.swift in Sources */,
				BBD608FBC4A70 /* OrbLoggerTests.swift in Sources */,
				BE18E4463F4CC /* ItemTypeTests.swift in Sources */,
				B7218E9AB3FC1 /* ItemModelTests.swift in Sources */,
				B58FF99DFE72F /* DrawerModelTests.swift in Sources */,
				B02024332670E /* TagModelTests.swift in Sources */,
				B47DEC46582CF /* BlobModelTests.swift in Sources */,
				B05C6097C587B /* DrawerRuleModelTests.swift in Sources */,
			); runOnlyForDeploymentPostprocessing = 0; };
		A90000030000000000000001 = { isa = PBXSourcesBuildPhase; buildActionMask = 2147483647; files = (
				BAEA452F10CBB /* AppLaunchIntegrationTests.swift in Sources */,
				BA7F3F161F582 /* CIScriptIntegrationTests.swift in Sources */,
				BBB5610C0475E /* ModuleStructureIntegrationTests.swift in Sources */,
				B2FF0F4C1618E /* OrbLoggerIntegrationTests.swift in Sources */,
				B0B502C8923EE /* ItemTypeIntegrationTests.swift in Sources */,
				BEA5AE4A16479 /* ItemModelIntegrationTests.swift in Sources */,
				B744CE332F043 /* DrawerModelIntegrationTests.swift in Sources */,
				BDC55C1CA73A4 /* TagModelIntegrationTests.swift in Sources */,
				B89A26C16C233 /* BlobModelIntegrationTests.swift in Sources */,
				B3CF00EBE0E27 /* DrawerRuleModelIntegrationTests.swift in Sources */,
			); runOnlyForDeploymentPostprocessing = 0; };
/* End PBXSourcesBuildPhase section */

/* Begin PBXTargetDependency section */
		A30000030000000000000001 /* PBXTargetDependency */ = { isa = PBXTargetDependency; target = A40000010000000000000001; targetProxy = A30000010000000000000001; };
		A30000040000000000000001 /* PBXTargetDependency */ = { isa = PBXTargetDependency; target = A40000010000000000000001; targetProxy = A30000020000000000000001; };
/* End PBXTargetDependency section */

/* Begin XCBuildConfiguration section */
		AB0000010000000000000001 = { isa = XCBuildConfiguration; buildSettings = { CLANG_ENABLE_MODULES = YES; ENABLE_TESTABILITY = YES; MACOSX_DEPLOYMENT_TARGET = 14.0; SDKROOT = macosx; SWIFT_VERSION = 5.0; }; name = Debug; };
		AB0000010000000000000002 = { isa = XCBuildConfiguration; buildSettings = { CLANG_ENABLE_MODULES = YES; MACOSX_DEPLOYMENT_TARGET = 14.0; SDKROOT = macosx; SWIFT_VERSION = 5.0; }; name = Release; };
		AB0000020000000000000001 = { isa = XCBuildConfiguration; buildSettings = { GENERATE_INFOPLIST_FILE = NO; INFOPLIST_FILE = Orb/Info.plist; PRODUCT_BUNDLE_IDENTIFIER = dev.drawer.Orb; PRODUCT_NAME = "$(TARGET_NAME)"; SWIFT_VERSION = 5.0; }; name = Debug; };
		AB0000020000000000000002 = { isa = XCBuildConfiguration; buildSettings = { GENERATE_INFOPLIST_FILE = NO; INFOPLIST_FILE = Orb/Info.plist; PRODUCT_BUNDLE_IDENTIFIER = dev.drawer.Orb; PRODUCT_NAME = "$(TARGET_NAME)"; SWIFT_VERSION = 5.0; }; name = Release; };

		AB0000030000000000000001 = { isa = XCBuildConfiguration; buildSettings = { BUNDLE_LOADER = "$(TEST_HOST)"; CODE_SIGN_STYLE = Automatic; GENERATE_INFOPLIST_FILE = YES; PRODUCT_BUNDLE_IDENTIFIER = dev.drawer.OrbTests; PRODUCT_NAME = "$(TARGET_NAME)"; SWIFT_VERSION = 5.0; TEST_HOST = "$(BUILT_PRODUCTS_DIR)/Orb.app/Contents/MacOS/Orb"; }; name = Debug; };
		AB0000030000000000000002 = { isa = XCBuildConfiguration; buildSettings = { BUNDLE_LOADER = "$(TEST_HOST)"; CODE_SIGN_STYLE = Automatic; GENERATE_INFOPLIST_FILE = YES; PRODUCT_BUNDLE_IDENTIFIER = dev.drawer.OrbTests; PRODUCT_NAME = "$(TARGET_NAME)"; SWIFT_VERSION = 5.0; TEST_HOST = "$(BUILT_PRODUCTS_DIR)/Orb.app/Contents/MacOS/Orb"; }; name = Release; };
		AB0000040000000000000001 = { isa = XCBuildConfiguration; buildSettings = { BUNDLE_LOADER = "$(TEST_HOST)"; CODE_SIGN_STYLE = Automatic; GENERATE_INFOPLIST_FILE = YES; PRODUCT_BUNDLE_IDENTIFIER = dev.drawer.OrbIntegrationTests; PRODUCT_NAME = "$(TARGET_NAME)"; SWIFT_VERSION = 5.0; TEST_HOST = "$(BUILT_PRODUCTS_DIR)/Orb.app/Contents/MacOS/Orb"; }; name = Debug; };
		AB0000040000000000000002 = { isa = XCBuildConfiguration; buildSettings = { BUNDLE_LOADER = "$(TEST_HOST)"; CODE_SIGN_STYLE = Automatic; GENERATE_INFOPLIST_FILE = YES; PRODUCT_BUNDLE_IDENTIFIER = dev.drawer.OrbIntegrationTests; PRODUCT_NAME = "$(TARGET_NAME)"; SWIFT_VERSION = 5.0; TEST_HOST = "$(BUILT_PRODUCTS_DIR)/Orb.app/Contents/MacOS/Orb"; }; name = Release; };
/* End XCBuildConfiguration section */

/* Begin XCConfigurationList section */
		A80000010000000000000001 = { isa = XCConfigurationList; buildConfigurations = (AB0000020000000000000001, AB0000020000000000000002); defaultConfigurationName = Release; };

		A80000020000000000000001 = { isa = XCConfigurationList; buildConfigurations = (AB0000030000000000000001, AB0000030000000000000002); defaultConfigurationName = Release; };
		A80000030000000000000001 = { isa = XCConfigurationList; buildConfigurations = (AB0000040000000000000001, AB0000040000000000000002); defaultConfigurationName = Release; };
		A80000040000000000000001 = { isa = XCConfigurationList; buildConfigurations = (AB0000010000000000000001, AB0000010000000000000002); defaultConfigurationName = Release; };
/* End XCConfigurationList section */
	};
	rootObject = A00000010000000000000001;
}
